
Microsoft Visual Studio Solution File, Format Version 12.00
# Visual Studio Version 17
VisualStudioVersion = 17.8.34316.72
MinimumVisualStudioVersion = 10.0.40219.1
Project("{FAE04EC0-301F-11D3-BF4B-00C04F79EFBC}") = "ProvidusMerchantAPI", "ProvidusMerchantAPI\ProvidusMerchantAPI.csproj", "{7EFEECB4-94EE-4181-A43E-5FEE8B768A65}"
EndProject
Global
	GlobalSection(SolutionConfigurationPlatforms) = preSolution
		Debug|Any CPU = Debug|Any CPU
		Release|Any CPU = Release|Any CPU
	EndGlobalSection
	GlobalSection(ProjectConfigurationPlatforms) = postSolution
		{7EFEECB4-94EE-4181-A43E-5FEE8B768A65}.Debug|Any CPU.ActiveCfg = Debug|Any CPU
		{7EFEECB4-94EE-4181-A43E-5FEE8B768A65}.Debug|Any CPU.Build.0 = Debug|Any CPU
		{7EFEECB4-94EE-4181-A43E-5FEE8B768A65}.Release|Any CPU.ActiveCfg = Release|Any CPU
		{7EFEECB4-94EE-4181-A43E-5FEE8B768A65}.Release|Any CPU.Build.0 = Release|Any CPU
	EndGlobalSection
	GlobalSection(SolutionProperties) = preSolution
		HideSolutionNode = FALSE
	EndGlobalSection
	GlobalSection(ExtensibilityGlobals) = postSolution
		SolutionGuid = {34686989-2AE0-4BE1-99F6-F6619F822E08}
	EndGlobalSection
EndGlobal
